
Microsoft Visual Studio Solution File, Format Version 12.00
# Visual Studio Version 16
VisualStudioVersion = 16.0.31624.102
MinimumVisualStudioVersion = 10.0.40219.1
Project("{FAE04EC0-301F-11D3-BF4B-00C04F79EFBC}") = "QuizMaker", "QuizMaker\QuizMaker.csproj", "{0E8355A1-F9A4-4401-A36B-2492F8A38235}"
EndProject
Global
	GlobalSection(SolutionConfigurationPlatforms) = preSolution
		Debug|Any CPU = Debug|Any CPU
		Release|Any CPU = Release|Any CPU
	EndGlobalSection
	GlobalSection(ProjectConfigurationPlatforms) = postSolution
		{0E8355A1-F9A4-4401-A36B-2492F8A38235}.Debug|Any CPU.ActiveCfg = Debug|Any CPU
		{0E8355A1-F9A4-4401-A36B-2492F8A38235}.Debug|Any CPU.Build.0 = Debug|Any CPU
		{0E8355A1-F9A4-4401-A36B-2492F8A38235}.Release|Any CPU.ActiveCfg = Release|Any CPU
		{0E8355A1-F9A4-4401-A36B-2492F8A38235}.Release|Any CPU.Build.0 = Release|Any CPU
	EndGlobalSection
	GlobalSection(SolutionProperties) = preSolution
		HideSolutionNode = FALSE
	EndGlobalSection
	GlobalSection(ExtensibilityGlobals) = postSolution
		SolutionGuid = {CB3A0CC0-A5F1-450A-AD97-7CFC2E1FFCFE}
	EndGlobalSection
EndGlobal
